
Microsoft Visual Studio Solution File, Format Version 12.00
# Visual Studio Version 17
VisualStudioVersion = 17.14.36705.20 d17.14
MinimumVisualStudioVersion = 10.0.40219.1
Project("{FAE04EC0-301F-11D3-BF4B-00C04F79EFBC}") = "KaloriTakip", "KaloriTakip.csproj", "{4D19A882-D372-4FFB-B6A5-C14E1197559D}"
EndProject
Global
	GlobalSection(SolutionConfigurationPlatforms) = preSolution
		Debug|Any CPU = Debug|Any CPU
		Release|Any CPU = Release|Any CPU
	EndGlobalSection
	GlobalSection(ProjectConfigurationPlatforms) = postSolution
		{4D19A882-D372-4FFB-B6A5-C14E1197559D}.Debug|Any CPU.ActiveCfg = Debug|Any CPU
		{4D19A882-D372-4FFB-B6A5-C14E1197559D}.Debug|Any CPU.Build.0 = Debug|Any CPU
		{4D19A882-D372-4FFB-B6A5-C14E1197559D}.Release|Any CPU.ActiveCfg = Release|Any CPU
		{4D19A882-D372-4FFB-B6A5-C14E1197559D}.Release|Any CPU.Build.0 = Release|Any CPU
	EndGlobalSection
	GlobalSection(SolutionProperties) = preSolution
		HideSolutionNode = FALSE
	EndGlobalSection
	GlobalSection(ExtensibilityGlobals) = postSolution
		SolutionGuid = {E22A9EB4-EEF8-4808-AA08-A20F90198E02}
	EndGlobalSection
EndGlobal
